// !$*UTF8*$!
{
	archiveVersion = 1;
	classes = {
	};
	objectVersion = 56;
	objects = {

/* Begin PBXBuildFile section */
		C83E98A72A32402F00C7B2C9 /* AppDelegate.swift in Sources */ = {isa = PBXBuildFile; fileRef = C83E98A62A32402F00C7B2C9 /* AppDelegate.swift */; };
		C83E98A92A32402F00C7B2C9 /* GameScene.sks in Resources */ = {isa = PBXBuildFile; fileRef = C83E98A82A32402F00C7B2C9 /* GameScene.sks */; };
		C83E98AD2A32402F00C7B2C9 /* GameScene.swift in Sources */ = {isa = PBXBuildFile; fileRef = C83E98AC2A32402F00C7B2C9 /* GameScene.swift */; };
		C83E98AF2A32402F00C7B2C9 /* GameViewController.swift in Sources */ = {isa = PBXBuildFile; fileRef = C83E98AE2A32402F00C7B2C9 /* GameViewController.swift */; };
		C83E98B22A32402F00C7B2C9 /* Main.storyboard in Resources */ = {isa = PBXBuildFile; fileRef = C83E98B02A32402F00C7B2C9 /* Main.storyboard */; };
		C83E98B42A32403200C7B2C9 /* Assets.xcassets in Resources */ = {isa = PBXBuildFile; fileRef = C83E98B32A32403200C7B2C9 /* Assets.xcassets */; };
		C83E98B72A32403200C7B2C9 /* LaunchScreen.storyboard in Resources */ = {isa = PBXBuildFile; fileRef = C83E98B52A32403200C7B2C9 /* LaunchScreen.storyboard */; };
		C83E98BF2A3273C500C7B2C9 /* Spark.sks in Resources */ = {isa = PBXBuildFile; fileRef = C83E98BD2A3273C500C7B2C9 /* Spark.sks */; };
		C83E98C02A3273C500C7B2C9 /* Assets.xcassets in Resources */ = {isa = PBXBuildFile; fileRef = C83E98BE2A3273C500C7B2C9 /* Assets.xcassets */; };
/* End PBXBuildFile section */

/* Begin PBXFileReference section */
		C83E98A32A32402F00C7B2C9 /* Marbles.app */ = {isa = PBXFileReference; explicitFileType = wrapper.application; includeInIndex = 0; path = Marbles.app; sourceTree = BUILT_PRODUCTS_DIR; };
		C83E98A62A32402F00C7B2C9 /* AppDelegate.swift */ = {isa = PBXFileReference; lastKnownFileType = sourcecode.swift; path = AppDelegate.swift; sourceTree = "<group>"; };
		C83E98A82A32402F00C7B2C9 /* GameScene.sks */ = {isa = PBXFileReference; lastKnownFileType = file.sks; path = GameScene.sks; sourceTree = "<group>"; };
		C83E98AC2A32402F00C7B2C9 /* GameScene.swift */ = {isa = PBXFileReference; lastKnownFileType = sourcecode.swift; path = GameScene.swift; sourceTree = "<group>"; };
		C83E98AE2A32402F00C7B2C9 /* GameViewController.swift */ = {isa = PBXFileReference; lastKnownFileType = sourcecode.swift; path = GameViewController.swift; sourceTree = "<group>"; };
		C83E98B12A32402F00C7B2C9 /* Base */ = {isa = PBXFileReference; lastKnownFileType = file.storyboard; name = Base; path = Base.lproj/Main.storyboard; sourceTree = "<group>"; };
		C83E98B32A32403200C7B2C9 /* Assets.xcassets */ = {isa = PBXFileReference; lastKnownFileType = folder.assetcatalog; path = Assets.xcassets; sourceTree = "<group>"; };
		C83E98B62A32403200C7B2C9 /* Base */ = {isa = PBXFileReference; lastKnownFileType = file.storyboard; name = Base; path = Base.lproj/LaunchScreen.storyboard; sourceTree = "<group>"; };
		C83E98BD2A3273C500C7B2C9 /* Spark.sks */ = {isa = PBXFileReference; lastKnownFileType = file.sks; path = Spark.sks; sourceTree = "<group>"; };
		C83E98BE2A3273C500C7B2C9 /* Assets.xcassets */ = {isa = PBXFileReference; lastKnownFileType = folder.assetcatalog; path = Assets.xcassets; sourceTree = "<group>"; };
/* End PBXFileReference section */

/* Begin PBXFrameworksBuildPhase section */
		C83E98A02A32402F00C7B2C9 /* Frameworks */ = {
			isa = PBXFrameworksBuildPhase;
			buildActionMask = 2147483647;
			files = (
			);
			runOnlyForDeploymentPostprocessing = 0;
		};
/* End PBXFrameworksBuildPhase section */

/* Begin PBXGroup section */
		C83E989A2A32402F00C7B2C9 = {
			isa = PBXGroup;
			children = (
				C83E98BE2A3273C500C7B2C9 /* Assets.xcassets */,
				C83E98A52A32402F00C7B2C9 /* Marbles */,
				C83E98A42A32402F00C7B2C9 /* Products */,
			);
			sourceTree = "<group>";
		};
		C83E98A42A32402F00C7B2C9 /* Products */ = {
			isa = PBXGroup;
			children = (
				C83E98A32A32402F00C7B2C9 /* Marbles.app */,
			);
			name = Products;
			sourceTree = "<group>";
		};
		C83E98A52A32402F00C7B2C9 /* Marbles */ = {
			isa = PBXGroup;
			children = (
				C83E98A62A32402F00C7B2C9 /* AppDelegate.swift */,
				C83E98A82A32402F00C7B2C9 /* GameScene.sks */,
				C83E98BD2A3273C500C7B2C9 /* Spark.sks */,
				C83E98AC2A32402F00C7B2C9 /* GameScene.swift */,
				C83E98AE2A32402F00C7B2C9 /* GameViewController.swift */,
				C83E98B02A32402F00C7B2C9 /* Main.storyboard */,
				C83E98B32A32403200C7B2C9 /* Assets.xcassets */,
				C83E98B52A32403200C7B2C9 /* LaunchScreen.storyboard */,
			);
			path = Marbles;
			sourceTree = "<group>";
		};
/* End PBXGroup section */

/* Begin PBXNativeTarget section */
		C83E98A22A32402F00C7B2C9 /* Marbles */ = {
			isa = PBXNativeTarget;
			buildConfigurationList = C83E98BA2A32403200C7B2C9 /* Build configuration list for PBXNativeTarget "Marbles" */;
			buildPhases = (
				C83E989F2A32402F00C7B2C9 /* Sources */,
				C83E98A02A32402F00C7B2C9 /* Frameworks */,
				C83E98A12A32402F00C7B2C9 /* Resources */,
			);
			buildRules = (
			);
			dependencies = (
			);
			name = Marbles;
			productName = Marbles;
			productReference = C83E98A32A32402F00C7B2C9 /* Marbles.app */;
			productType = "com.apple.product-type.application";
		};
/* End PBXNativeTarget section */

/* Begin PBXProject section */
		C83E989B2A32402F00C7B2C9 /* Project object */ = {
			isa = PBXProject;
			attributes = {
				BuildIndependentTargetsInParallel = 1;
				LastSwiftUpdateCheck = 1500;
				LastUpgradeCheck = 1500;
				TargetAttributes = {
					C83E98A22A32402F00C7B2C9 = {
						CreatedOnToolsVersion = 15.0;
					};
				};
			};
			buildConfigurationList = C83E989E2A32402F00C7B2C9 /* Build configuration list for PBXProject "Marbles" */;
			compatibilityVersion = "Xcode 14.0";
			developmentRegion = en;
			hasScannedForEncodings = 0;
			knownRegions = (
				en,
				Base,
			);
			mainGroup = C83E989A2A32402F00C7B2C9;
			productRefGroup = C83E98A42A32402F00C7B2C9 /* Products */;
			projectDirPath = "";
			projectRoot = "";
			targets = (
				C83E98A22A32402F00C7B2C9 /* Marbles */,
			);
		};
/* End PBXProject section */

/* Begin PBXResourcesBuildPhase section */
		C83E98A12A32402F00C7B2C9 /* Resources */ = {
			isa = PBXResourcesBuildPhase;
			buildActionMask = 2147483647;
			files = (
				C83E98B22A32402F00C7B2C9 /* Main.storyboard in Resources */,
				C83E98BF2A3273C500C7B2C9 /* Spark.sks in Resources */,
				C83E98A92A32402F00C7B2C9 /* GameScene.sks in Resources */,
				C83E98B42A32403200C7B2C9 /* Assets.xcassets in Resources */,
				C83E98C02A3273C500C7B2C9 /* Assets.xcassets in Resources */,
				C83E98B72A32403200C7B2C9 /* LaunchScreen.storyboard in Resources */,
			);
			runOnlyForDeploymentPostprocessing = 0;
		};
/* End PBXResourcesBuildPhase section */

/* Begin PBXSourcesBuildPhase section */
		C83E989F2A32402F00C7B2C9 /* Sources */ = {
			isa = PBXSourcesBuildPhase;
			buildActionMask = 2147483647;
			files = (
				C83E98AD2A32402F00C7B2C9 /* GameScene.swift in Sources */,
				C83E98AF2A32402F00C7B2C9 /* GameViewController.swift in Sources */,
				C83E98A72A32402F00C7B2C9 /* AppDelegate.swift in Sources */,
			);
			runOnlyForDeploymentPostprocessing = 0;
		};
/* End PBXSourcesBuildPhase section */

/* Begin PBXVariantGroup section */
		C83E98B02A32402F00C7B2C9 /* Main.storyboard */ = {
			isa = PBXVariantGroup;
			children = (
				C83E98B12A32402F00C7B2C9 /* Base */,
			);
			name = Main.storyboard;
			sourceTree = "<group>";
		};
		C83E98B52A32403200C7B2C9 /* LaunchScreen.storyboard */ = {
			isa = PBXVariantGroup;
			children = (
				C83E98B62A32403200C7B2C9 /* Base */,
			);
			name = LaunchScreen.storyboard;
			sourceTree = "<group>";
		};
/* End PBXVariantGroup section */

/* Begin XCBuildConfiguration section */
		C83E98B82A32403200C7B2C9 /* Debug */ = {
			isa = XCBuildConfiguration;
			buildSettings = {
				ALWAYS_SEARCH_USER_PATHS = NO;
				ASSETCATALOG_COMPILER_GENERATE_SWIFT_ASSET_SYMBOL_EXTENSIONS = YES;
				CLANG_ANALYZER_NONNULL = YES;
				CLANG_ANALYZER_NUMBER_OBJECT_CONVERSION = YES_AGGRESSIVE;
				CLANG_CXX_LANGUAGE_STANDARD = "gnu++20";
				CLANG_ENABLE_MODULES = YES;
				CLANG_ENABLE_OBJC_ARC = YES;
				CLANG_ENABLE_OBJC_WEAK = YES;
				CLANG_WARN_BLOCK_CAPTURE_AUTORELEASING = YES;
				CLANG_WARN_BOOL_CONVERSION = YES;
				CLANG_WARN_COMMA = YES;
				CLANG_WARN_CONSTANT_CONVERSION = YES;
				CLANG_WARN_DEPRECATED_OBJC_IMPLEMENTATIONS = YES;
				CLANG_WARN_DIRECT_OBJC_ISA_USAGE = YES_ERROR;
				CLANG_WARN_DOCUMENTATION_COMMENTS = YES;
				CLANG_WARN_EMPTY_BODY = YES;
				CLANG_WARN_ENUM_CONVERSION = YES;
				CLANG_WARN_INFINITE_RECURSION = YES;
				CLANG_WARN_INT_CONVERSION = YES;
				CLANG_WARN_NON_LITERAL_NULL_CONVERSION = YES;
				CLANG_WARN_OBJC_IMPLICIT_RETAIN_SELF = YES;
				CLANG_WARN_OBJC_LITERAL_CONVERSION = YES;
				CLANG_WARN_OBJC_ROOT_CLASS = YES_ERROR;
				CLANG_WARN_QUOTED_INCLUDE_IN_FRAMEWORK_HEADER = YES;
				CLANG_WARN_RANGE_LOOP_ANALYSIS = YES;
				CLANG_WARN_STRICT_PROTOTYPES = YES;
				CLANG_WARN_SUSPICIOUS_MOVE = YES;
				CLANG_WARN_UNGUARDED_AVAILABILITY = YES_AGGRESSIVE;
				CLANG_WARN_UNREACHABLE_CODE = YES;
				CLANG_WARN__DUPLICATE_METHOD_MATCH = YES;
				COPY_PHASE_STRIP = NO;
				DEBUG_INFORMATION_FORMAT = dwarf;
				ENABLE_STRICT_OBJC_MSGSEND = YES;
				ENABLE_TESTABILITY = YES;
				ENABLE_USER_SCRIPT_SANDBOXING = YES;
				GCC_C_LANGUAGE_STANDARD = gnu17;
				GCC_DYNAMIC_NO_PIC = NO;
				GCC_NO_COMMON_BLOCKS = YES;
				GCC_OPTIMIZATION_LEVEL = 0;
				GCC_PREPROCESSOR_DEFINITIONS = (
					"DEBUG=1",
					"$(inherited)",
				);
				GCC_WARN_64_TO_32_BIT_CONVERSION = YES;
				GCC_WARN_ABOUT_RETURN_TYPE = YES_ERROR;
				GCC_WARN_UNDECLARED_SELECTOR = YES;
				GCC_WARN_UNINITIALIZED_AUTOS = YES_AGGRESSIVE;
				GCC_WARN_UNUSED_FUNCTION = YES;
				GCC_WARN_UNUSED_VARIABLE = YES;
				IPHONEOS_DEPLOYMENT_TARGET = 17.0;
				LOCALIZATION_PREFERS_STRING_CATALOGS = YES;
				MTL_ENABLE_DEBUG_INFO = INCLUDE_SOURCE;
				MTL_FAST_MATH = YES;
				ONLY_ACTIVE_ARCH = YES;
				SDKROOT = iphoneos;
				SWIFT_ACTIVE_COMPILATION_CONDITIONS = "DEBUG $(inherited)";
				SWIFT_OPTIMIZATION_LEVEL = "-Onone";
			};
			name = Debug;
		};
		C83E98B92A32403200C7B2C9 /* Release */ = {
			isa = XCBuildConfiguration;
			buildSettings = {
				ALWAYS_SEARCH_USER_PATHS = NO;
				ASSETCATALOG_COMPILER_GENERATE_SWIFT_ASSET_SYMBOL_EXTENSIONS = YES;
				CLANG_ANALYZER_NONNULL = YES;
				CLANG_ANALYZER_NUMBER_OBJECT_CONVERSION = YES_AGGRESSIVE;
				CLANG_CXX_LANGUAGE_STANDARD = "gnu++20";
				CLANG_ENABLE_MODULES = YES;
				CLANG_ENABLE_OBJC_ARC = YES;
				CLANG_ENABLE_OBJC_WEAK = YES;
				CLANG_WARN_BLOCK_CAPTURE_AUTORELEASING = YES;
				CLANG_WARN_BOOL_CONVERSION = YES;
				CLANG_WARN_COMMA = YES;
				CLANG_WARN_CONSTANT_CONVERSION = YES;
				CLANG_WARN_DEPRECATED_OBJC_IMPLEMENTATIONS = YES;
				CLANG_WARN_DIRECT_OBJC_ISA_USAGE = YES_ERROR;
				CLANG_WARN_DOCUMENTATION_COMMENTS = YES;
				CLANG_WARN_EMPTY_BODY = YES;
				CLANG_WARN_ENUM_CONVERSION = YES;
				CLANG_WARN_INFINITE_RECURSION = YES;
				CLANG_WARN_INT_CONVERSION = YES;
				CLANG_WARN_NON_LITERAL_NULL_CONVERSION = YES;
				CLANG_WARN_OBJC_IMPLICIT_RETAIN_SELF = YES;
				CLANG_WARN_OBJC_LITERAL_CONVERSION = YES;
				CLANG_WARN_OBJC_ROOT_CLASS = YES_ERROR;
				CLANG_WARN_QUOTED_INCLUDE_IN_FRAMEWORK_HEADER = YES;
				CLANG_WARN_RANGE_LOOP_ANALYSIS = YES;
				CLANG_WARN_STRICT_PROTOTYPES = YES;
				CLANG_WARN_SUSPICIOUS_MOVE = YES;
				CLANG_WARN_UNGUARDED_AVAILABILITY = YES_AGGRESSIVE;
				CLANG_WARN_UNREACHABLE_CODE = YES;
				CLANG_WARN__DUPLICATE_METHOD_MATCH = YES;
				COPY_PHASE_STRIP = NO;
				DEBUG_INFORMATION_FORMAT = "dwarf-with-dsym";
				ENABLE_NS_ASSERTIONS = NO;
				ENABLE_STRICT_OBJC_MSGSEND = YES;
				ENABLE_USER_SCRIPT_SANDBOXING = YES;
				GCC_C_LANGUAGE_STANDARD = gnu17;
				GCC_NO_COMMON_BLOCKS = YES;
				GCC_WARN_64_TO_32_BIT_CONVERSION = YES;
				GCC_WARN_ABOUT_RETURN_TYPE = YES_ERROR;
				GCC_WARN_UNDECLARED_SELECTOR = YES;
				GCC_WARN_UNINITIALIZED_AUTOS = YES_AGGRESSIVE;
				GCC_WARN_UNUSED_FUNCTION = YES;
				GCC_WARN_UNUSED_VARIABLE = YES;
				IPHONEOS_DEPLOYMENT_TARGET = 17.0;
				LOCALIZATION_PREFERS_STRING_CATALOGS = YES;
				MTL_ENABLE_DEBUG_INFO = NO;
				MTL_FAST_MATH = YES;
				SDKROOT = iphoneos;
				SWIFT_COMPILATION_MODE = wholemodule;
				VALIDATE_PRODUCT = YES;
			};
			name = Release;
		};
		C83E98BB2A32403200C7B2C9 /* Debug */ = {
			isa = XCBuildConfiguration;
			buildSettings = {
				ASSETCATALOG_COMPILER_APPICON_NAME = AppIcon;
				ASSETCATALOG_COMPILER_GLOBAL_ACCENT_COLOR_NAME = AccentColor;
				CODE_SIGN_STYLE = Automatic;
				CURRENT_PROJECT_VERSION = 1;
				DEVELOPMENT_TEAM = SB47LKF65Y;
				GENERATE_INFOPLIST_FILE = YES;
				INFOPLIST_KEY_UIApplicationSupportsIndirectInputEvents = YES;
				INFOPLIST_KEY_UILaunchStoryboardName = LaunchScreen;
				INFOPLIST_KEY_UIMainStoryboardFile = Main;
				INFOPLIST_KEY_UIStatusBarHidden = YES;
				INFOPLIST_KEY_UISupportedInterfaceOrientations = UIInterfaceOrientationPortrait;
				INFOPLIST_KEY_UISupportedInterfaceOrientations_iPad = "UIInterfaceOrientationLandscapeLeft UIInterfaceOrientationLandscapeRight UIInterfaceOrientationPortrait UIInterfaceOrientationPortraitUpsideDown";
				LD_RUNPATH_SEARCH_PATHS = (
					"$(inherited)",
					"@executable_path/Frameworks",
				);
				MARKETING_VERSION = 1.0;
				PRODUCT_BUNDLE_IDENTIFIER = com.aaroncwilliams.Marbles;
				PRODUCT_NAME = "$(TARGET_NAME)";
				SWIFT_EMIT_LOC_STRINGS = YES;
				SWIFT_VERSION = 5.0;
				TARGETED_DEVICE_FAMILY = "1,2";
			};
			name = Debug;
		};
		C83E98BC2A32403200C7B2C9 /* Release */ = {
			isa = XCBuildConfiguration;
			buildSettings = {
				ASSETCATALOG_COMPILER_APPICON_NAME = AppIcon;
				ASSETCATALOG_COMPILER_GLOBAL_ACCENT_COLOR_NAME = AccentColor;
				CODE_SIGN_STYLE = Automatic;
				CURRENT_PROJECT_VERSION = 1;
				DEVELOPMENT_TEAM = SB47LKF65Y;
				GENERATE_INFOPLIST_FILE = YES;
				INFOPLIST_KEY_UIApplicationSupportsIndirectInputEvents = YES;
				INFOPLIST_KEY_UILaunchStoryboardName = LaunchScreen;
				INFOPLIST_KEY_UIMainStoryboardFile = Main;
				INFOPLIST_KEY_UIStatusBarHidden = YES;
				INFOPLIST_KEY_UISupportedInterfaceOrientations = UIInterfaceOrientationPortrait;
				INFOPLIST_KEY_UISupportedInterfaceOrientations_iPad = "UIInterfaceOrientationLandscapeLeft UIInterfaceOrientationLandscapeRight UIInterfaceOrientationPortrait UIInterfaceOrientationPortraitUpsideDown";
				LD_RUNPATH_SEARCH_PATHS = (
					"$(inherited)",
					"@executable_path/Frameworks",
				);
				MARKETING_VERSION = 1.0;
				PRODUCT_BUNDLE_IDENTIFIER = com.aaroncwilliams.Marbles;
				PRODUCT_NAME = "$(TARGET_NAME)";
				SWIFT_EMIT_LOC_STRINGS = YES;
				SWIFT_VERSION = 5.0;
				TARGETED_DEVICE_FAMILY = "1,2";
			};
			name = Release;
		};
/* End XCBuildConfiguration section */

/* Begin XCConfigurationList section */
		C83E989E2A32402F00C7B2C9 /* Build configuration list for PBXProject "Marbles" */ = {
			isa = XCConfigurationList;
			buildConfigurations = (
				C83E98B82A32403200C7B2C9 /* Debug */,
				C83E98B92A32403200C7B2C9 /* Release */,
			);
			defaultConfigurationIsVisible = 0;
			defaultConfigurationName = Release;
		};
		C83E98BA2A32403200C7B2C9 /* Build configuration list for PBXNativeTarget "Marbles" */ = {
			isa = XCConfigurationList;
			buildConfigurations = (
				C83E98BB2A32403200C7B2C9 /* Debug */,
				C83E98BC2A32403200C7B2C9 /* Release */,
			);
			defaultConfigurationIsVisible = 0;
			defaultConfigurationName = Release;
		};
/* End XCConfigurationList section */
	};
	rootObject = C83E989B2A32402F00C7B2C9 /* Project object */;
}
